
Microsoft Visual Studio Solution File, Format Version 12.00
# Visual Studio Version 16
VisualStudioVersion = 16.0.31112.23
MinimumVisualStudioVersion = 10.0.40219.1
Project("{F184B08F-C81C-45F6-A57F-5ABD9991F28F}") = "incident_reporting_web_application", "incident_reporting_web_application.vbproj", "{148D1B10-95B9-4D08-8B98-67319223EAA4}"
EndProject
Global
	GlobalSection(SolutionConfigurationPlatforms) = preSolution
		Debug|Any CPU = Debug|Any CPU
		Release|Any CPU = Release|Any CPU
	EndGlobalSection
	GlobalSection(ProjectConfigurationPlatforms) = postSolution
		{148D1B10-95B9-4D08-8B98-67319223EAA4}.Debug|Any CPU.ActiveCfg = Debug|Any CPU
		{148D1B10-95B9-4D08-8B98-67319223EAA4}.Debug|Any CPU.Build.0 = Debug|Any CPU
		{148D1B10-95B9-4D08-8B98-67319223EAA4}.Release|Any CPU.ActiveCfg = Release|Any CPU
		{148D1B10-95B9-4D08-8B98-67319223EAA4}.Release|Any CPU.Build.0 = Release|Any CPU
	EndGlobalSection
	GlobalSection(SolutionProperties) = preSolution
		HideSolutionNode = FALSE
	EndGlobalSection
	GlobalSection(ExtensibilityGlobals) = postSolution
		SolutionGuid = {18D39758-EEC5-41A0-A32F-3C2FCDF5DA9A}
	EndGlobalSection
EndGlobal
